
Microsoft Visual Studio Solution File, Format Version 12.00
# Visual Studio Version 17
VisualStudioVersion = 17.14.36414.22 d17.14
MinimumVisualStudioVersion = 10.0.40219.1
Project("{FAE04EC0-301F-11D3-BF4B-00C04F79EFBC}") = "OakwoodPropertyManagementPrototype", "OakwoodPropertyManagementPrototype\OakwoodPropertyManagementPrototype.csproj", "{D8AEE218-61EA-4BA6-9333-63255FE1EAF5}"
EndProject
Global
	GlobalSection(SolutionConfigurationPlatforms) = preSolution
		Debug|Any CPU = Debug|Any CPU
		Release|Any CPU = Release|Any CPU
	EndGlobalSection
	GlobalSection(ProjectConfigurationPlatforms) = postSolution
		{D8AEE218-61EA-4BA6-9333-63255FE1EAF5}.Debug|Any CPU.ActiveCfg = Debug|Any CPU
		{D8AEE218-61EA-4BA6-9333-63255FE1EAF5}.Debug|Any CPU.Build.0 = Debug|Any CPU
		{D8AEE218-61EA-4BA6-9333-63255FE1EAF5}.Release|Any CPU.ActiveCfg = Release|Any CPU
		{D8AEE218-61EA-4BA6-9333-63255FE1EAF5}.Release|Any CPU.Build.0 = Release|Any CPU
	EndGlobalSection
	GlobalSection(SolutionProperties) = preSolution
		HideSolutionNode = FALSE
	EndGlobalSection
	GlobalSection(ExtensibilityGlobals) = postSolution
		SolutionGuid = {80898C3C-1D20-47FB-8337-3160827020E1}
	EndGlobalSection
EndGlobal
